
Microsoft Visual Studio Solution File, Format Version 12.00
# Visual Studio Version 16
VisualStudioVersion = 16.0.30517.126
MinimumVisualStudioVersion = 10.0.40219.1
Project("{FAE04EC0-301F-11D3-BF4B-00C04F79EFBC}") = "FoodRecipeApp", "FoodRecipeApp\FoodRecipeApp.csproj", "{01323C66-557D-4E34-844D-CFC65A66E74D}"
EndProject
Global
	GlobalSection(SolutionConfigurationPlatforms) = preSolution
		Debug|Any CPU = Debug|Any CPU
		Release|Any CPU = Release|Any CPU
	EndGlobalSection
	GlobalSection(ProjectConfigurationPlatforms) = postSolution
		{01323C66-557D-4E34-844D-CFC65A66E74D}.Debug|Any CPU.ActiveCfg = Debug|Any CPU
		{01323C66-557D-4E34-844D-CFC65A66E74D}.Debug|Any CPU.Build.0 = Debug|Any CPU
		{01323C66-557D-4E34-844D-CFC65A66E74D}.Release|Any CPU.ActiveCfg = Release|Any CPU
		{01323C66-557D-4E34-844D-CFC65A66E74D}.Release|Any CPU.Build.0 = Release|Any CPU
	EndGlobalSection
	GlobalSection(SolutionProperties) = preSolution
		HideSolutionNode = FALSE
	EndGlobalSection
	GlobalSection(ExtensibilityGlobals) = postSolution
		SolutionGuid = {4EB24B43-90BC-4CD1-A554-9DD6F3B7573F}
	EndGlobalSection
EndGlobal
